// !$*UTF8*$!
{
	archiveVersion = 1;
	classes = {
	};
	objectVersion = 56;
	objects = {

/* Begin PBXBuildFile section */
		A501E68D2C89500E00544E2E /* RoundedCorners.swift in Sources */ = {isa = PBXBuildFile; fileRef = A501E68C2C89500E00544E2E /* RoundedCorners.swift */; };
		A501E68F2C89A78B00544E2E /* NavigationManager.swift in Sources */ = {isa = PBXBuildFile; fileRef = A501E68E2C89A78B00544E2E /* NavigationManager.swift */; };
		A501E6912C8AF32900544E2E /* ButtonStyle.swift in Sources */ = {isa = PBXBuildFile; fileRef = A501E6902C8AF32900544E2E /* ButtonStyle.swift */; };
		A501E6932C8EC17D00544E2E /* PYNM_Header.jpg in Resources */ = {isa = PBXBuildFile; fileRef = A501E6922C8EC17D00544E2E /* PYNM_Header.jpg */; };
		A584593A2C9047EF00340D9C /* CardDetailViewModel.swift in Sources */ = {isa = PBXBuildFile; fileRef = A58459392C9047EF00340D9C /* CardDetailViewModel.swift */; };
		A584593C2C9149F900340D9C /* MapView.swift in Sources */ = {isa = PBXBuildFile; fileRef = A584593B2C9149F900340D9C /* MapView.swift */; };
		A584593E2C91626B00340D9C /* NMPlaceDeprecated.swift in Sources */ = {isa = PBXBuildFile; fileRef = A584593D2C91626B00340D9C /* NMPlaceDeprecated.swift */; };
		A58459402C91737600340D9C /* MapViewModel.swift in Sources */ = {isa = PBXBuildFile; fileRef = A584593F2C91737600340D9C /* MapViewModel.swift */; };
		A58459422C92B08500340D9C /* MainView.swift in Sources */ = {isa = PBXBuildFile; fileRef = A58459412C92B08500340D9C /* MainView.swift */; };
		A58459452C92B9C100340D9C /* NMListView.swift in Sources */ = {isa = PBXBuildFile; fileRef = A58459442C92B9C000340D9C /* NMListView.swift */; };
		A58459482C93F9D700340D9C /* NMPlaces.swift in Sources */ = {isa = PBXBuildFile; fileRef = A58459472C93F9D700340D9C /* NMPlaces.swift */; };
		A584594A2C9416F700340D9C /* TransparentBackgroundViewDeprecated.swift in Sources */ = {isa = PBXBuildFile; fileRef = A58459492C9416F700340D9C /* TransparentBackgroundViewDeprecated.swift */; };
		A5D2152C2C882887009E1766 /* PYNMAppApp.swift in Sources */ = {isa = PBXBuildFile; fileRef = A5D2152B2C882887009E1766 /* PYNMAppApp.swift */; };
		A5D2152E2C882887009E1766 /* ContentView.swift in Sources */ = {isa = PBXBuildFile; fileRef = A5D2152D2C882887009E1766 /* ContentView.swift */; };
		A5D215302C882889009E1766 /* Assets.xcassets in Resources */ = {isa = PBXBuildFile; fileRef = A5D2152F2C882889009E1766 /* Assets.xcassets */; };
		A5D215332C882889009E1766 /* Preview Assets.xcassets in Resources */ = {isa = PBXBuildFile; fileRef = A5D215322C882889009E1766 /* Preview Assets.xcassets */; };
		A5D2153D2C884BC3009E1766 /* sign1.svg in Resources */ = {isa = PBXBuildFile; fileRef = A5D215392C884BC3009E1766 /* sign1.svg */; };
		A5D2153E2C884BC3009E1766 /* sign4.svg in Resources */ = {isa = PBXBuildFile; fileRef = A5D2153A2C884BC3009E1766 /* sign4.svg */; };
		A5D2153F2C884BC3009E1766 /* sign2.svg in Resources */ = {isa = PBXBuildFile; fileRef = A5D2153B2C884BC3009E1766 /* sign2.svg */; };
		A5D215402C884BC3009E1766 /* sign3.svg in Resources */ = {isa = PBXBuildFile; fileRef = A5D2153C2C884BC3009E1766 /* sign3.svg */; };
		A5D215452C884CC3009E1766 /* FontExtension.swift in Sources */ = {isa = PBXBuildFile; fileRef = A5D215442C884CC3009E1766 /* FontExtension.swift */; };
		A5D215472C884F4C009E1766 /* ColorExtension.swift in Sources */ = {isa = PBXBuildFile; fileRef = A5D215462C884F4C009E1766 /* ColorExtension.swift */; };
		A5D2154D2C884FC1009E1766 /* Pretendard-Bold.otf in Resources */ = {isa = PBXBuildFile; fileRef = A5D215482C884FC1009E1766 /* Pretendard-Bold.otf */; };
		A5D2154E2C884FC1009E1766 /* Pretendard-Medium.otf in Resources */ = {isa = PBXBuildFile; fileRef = A5D215492C884FC1009E1766 /* Pretendard-Medium.otf */; };
		A5D2154F2C884FC1009E1766 /* Pretendard-Regular.otf in Resources */ = {isa = PBXBuildFile; fileRef = A5D2154A2C884FC1009E1766 /* Pretendard-Regular.otf */; };
		A5D215502C884FC1009E1766 /* Pretendard-SemiBold.otf in Resources */ = {isa = PBXBuildFile; fileRef = A5D2154B2C884FC1009E1766 /* Pretendard-SemiBold.otf */; };
		A5D215542C8851C0009E1766 /* HapticManager.swift in Sources */ = {isa = PBXBuildFile; fileRef = A5D215532C8851C0009E1766 /* HapticManager.swift */; };
		A5D215582C8858C4009E1766 /* SignCard.swift in Sources */ = {isa = PBXBuildFile; fileRef = A5D215572C8858C4009E1766 /* SignCard.swift */; };
		A5D2155A2C885997009E1766 /* CardListViewModel.swift in Sources */ = {isa = PBXBuildFile; fileRef = A5D215592C885997009E1766 /* CardListViewModel.swift */; };
		A5D2155C2C8859D5009E1766 /* NMListViewDeprecated.swift in Sources */ = {isa = PBXBuildFile; fileRef = A5D2155B2C8859D5009E1766 /* NMListViewDeprecated.swift */; };
		A5D2155E2C885A51009E1766 /* CardDetailView.swift in Sources */ = {isa = PBXBuildFile; fileRef = A5D2155D2C885A51009E1766 /* CardDetailView.swift */; };
/* End PBXBuildFile section */

/* Begin PBXFileReference section */
		A501E68C2C89500E00544E2E /* RoundedCorners.swift */ = {isa = PBXFileReference; lastKnownFileType = sourcecode.swift; path = RoundedCorners.swift; sourceTree = "<group>"; };
		A501E68E2C89A78B00544E2E /* NavigationManager.swift */ = {isa = PBXFileReference; lastKnownFileType = sourcecode.swift; path = NavigationManager.swift; sourceTree = "<group>"; };
		A501E6902C8AF32900544E2E /* ButtonStyle.swift */ = {isa = PBXFileReference; fileEncoding = 4; lastKnownFileType = sourcecode.swift; path = ButtonStyle.swift; sourceTree = "<group>"; };
		A501E6922C8EC17D00544E2E /* PYNM_Header.jpg */ = {isa = PBXFileReference; lastKnownFileType = image.jpeg; path = PYNM_Header.jpg; sourceTree = "<group>"; };
		A58459392C9047EF00340D9C /* CardDetailViewModel.swift */ = {isa = PBXFileReference; lastKnownFileType = sourcecode.swift; path = CardDetailViewModel.swift; sourceTree = "<group>"; };
		A584593B2C9149F900340D9C /* MapView.swift */ = {isa = PBXFileReference; lastKnownFileType = sourcecode.swift; path = MapView.swift; sourceTree = "<group>"; };
		A584593D2C91626B00340D9C /* NMPlaceDeprecated.swift */ = {isa = PBXFileReference; lastKnownFileType = sourcecode.swift; path = NMPlaceDeprecated.swift; sourceTree = "<group>"; };
		A584593F2C91737600340D9C /* MapViewModel.swift */ = {isa = PBXFileReference; lastKnownFileType = sourcecode.swift; path = MapViewModel.swift; sourceTree = "<group>"; };
		A58459412C92B08500340D9C /* MainView.swift */ = {isa = PBXFileReference; lastKnownFileType = sourcecode.swift; path = MainView.swift; sourceTree = "<group>"; };
		A58459442C92B9C000340D9C /* NMListView.swift */ = {isa = PBXFileReference; lastKnownFileType = sourcecode.swift; path = NMListView.swift; sourceTree = "<group>"; };
		A58459472C93F9D700340D9C /* NMPlaces.swift */ = {isa = PBXFileReference; lastKnownFileType = sourcecode.swift; path = NMPlaces.swift; sourceTree = "<group>"; };
		A58459492C9416F700340D9C /* TransparentBackgroundViewDeprecated.swift */ = {isa = PBXFileReference; lastKnownFileType = sourcecode.swift; path = TransparentBackgroundViewDeprecated.swift; sourceTree = "<group>"; };
		A5D215282C882887009E1766 /* PYNMApp.app */ = {isa = PBXFileReference; explicitFileType = wrapper.application; includeInIndex = 0; path = PYNMApp.app; sourceTree = BUILT_PRODUCTS_DIR; };
		A5D2152B2C882887009E1766 /* PYNMAppApp.swift */ = {isa = PBXFileReference; lastKnownFileType = sourcecode.swift; path = PYNMAppApp.swift; sourceTree = "<group>"; };
		A5D2152D2C882887009E1766 /* ContentView.swift */ = {isa = PBXFileReference; lastKnownFileType = sourcecode.swift; path = ContentView.swift; sourceTree = "<group>"; };
		A5D2152F2C882889009E1766 /* Assets.xcassets */ = {isa = PBXFileReference; lastKnownFileType = folder.assetcatalog; path = Assets.xcassets; sourceTree = "<group>"; };
		A5D215322C882889009E1766 /* Preview Assets.xcassets */ = {isa = PBXFileReference; lastKnownFileType = folder.assetcatalog; path = "Preview Assets.xcassets"; sourceTree = "<group>"; };
		A5D215392C884BC3009E1766 /* sign1.svg */ = {isa = PBXFileReference; fileEncoding = 4; lastKnownFileType = text.xml; path = sign1.svg; sourceTree = "<group>"; };
		A5D2153A2C884BC3009E1766 /* sign4.svg */ = {isa = PBXFileReference; fileEncoding = 4; lastKnownFileType = text.xml; path = sign4.svg; sourceTree = "<group>"; };
		A5D2153B2C884BC3009E1766 /* sign2.svg */ = {isa = PBXFileReference; fileEncoding = 4; lastKnownFileType = text.xml; path = sign2.svg; sourceTree = "<group>"; };
		A5D2153C2C884BC3009E1766 /* sign3.svg */ = {isa = PBXFileReference; fileEncoding = 4; lastKnownFileType = text.xml; path = sign3.svg; sourceTree = "<group>"; };
		A5D215442C884CC3009E1766 /* FontExtension.swift */ = {isa = PBXFileReference; lastKnownFileType = sourcecode.swift; path = FontExtension.swift; sourceTree = "<group>"; };
		A5D215462C884F4C009E1766 /* ColorExtension.swift */ = {isa = PBXFileReference; lastKnownFileType = sourcecode.swift; path = ColorExtension.swift; sourceTree = "<group>"; };
		A5D215482C884FC1009E1766 /* Pretendard-Bold.otf */ = {isa = PBXFileReference; lastKnownFileType = file; path = "Pretendard-Bold.otf"; sourceTree = "<group>"; };
		A5D215492C884FC1009E1766 /* Pretendard-Medium.otf */ = {isa = PBXFileReference; lastKnownFileType = file; path = "Pretendard-Medium.otf"; sourceTree = "<group>"; };
		A5D2154A2C884FC1009E1766 /* Pretendard-Regular.otf */ = {isa = PBXFileReference; lastKnownFileType = file; path = "Pretendard-Regular.otf"; sourceTree = "<group>"; };
		A5D2154B2C884FC1009E1766 /* Pretendard-SemiBold.otf */ = {isa = PBXFileReference; lastKnownFileType = file; path = "Pretendard-SemiBold.otf"; sourceTree = "<group>"; };
		A5D215512C885029009E1766 /* Info.plist */ = {isa = PBXFileReference; lastKnownFileType = text.plist; path = Info.plist; sourceTree = "<group>"; };
		A5D215532C8851C0009E1766 /* HapticManager.swift */ = {isa = PBXFileReference; lastKnownFileType = sourcecode.swift; path = HapticManager.swift; sourceTree = "<group>"; };
		A5D215572C8858C4009E1766 /* SignCard.swift */ = {isa = PBXFileReference; lastKnownFileType = sourcecode.swift; path = SignCard.swift; sourceTree = "<group>"; };
		A5D215592C885997009E1766 /* CardListViewModel.swift */ = {isa = PBXFileReference; lastKnownFileType = sourcecode.swift; path = CardListViewModel.swift; sourceTree = "<group>"; };
		A5D2155B2C8859D5009E1766 /* NMListViewDeprecated.swift */ = {isa = PBXFileReference; lastKnownFileType = sourcecode.swift; path = NMListViewDeprecated.swift; sourceTree = "<group>"; };
		A5D2155D2C885A51009E1766 /* CardDetailView.swift */ = {isa = PBXFileReference; lastKnownFileType = sourcecode.swift; path = CardDetailView.swift; sourceTree = "<group>"; };
/* End PBXFileReference section */

/* Begin PBXFrameworksBuildPhase section */
		A5D215252C882887009E1766 /* Frameworks */ = {
			isa = PBXFrameworksBuildPhase;
			buildActionMask = 2147483647;
			files = (
			);
			runOnlyForDeploymentPostprocessing = 0;
		};
/* End PBXFrameworksBuildPhase section */

/* Begin PBXGroup section */
		A58459432C92B98300340D9C /* Deprecated */ = {
			isa = PBXGroup;
			children = (
				A58459492C9416F700340D9C /* TransparentBackgroundViewDeprecated.swift */,
				A5D2155B2C8859D5009E1766 /* NMListViewDeprecated.swift */,
				A584593D2C91626B00340D9C /* NMPlaceDeprecated.swift */,
			);
			path = Deprecated;
			sourceTree = "<group>";
		};
		A58459462C93F99200340D9C /* ViewModels */ = {
			isa = PBXGroup;
			children = (
				A58459392C9047EF00340D9C /* CardDetailViewModel.swift */,
				A584593F2C91737600340D9C /* MapViewModel.swift */,
				A5D215592C885997009E1766 /* CardListViewModel.swift */,
			);
			path = ViewModels;
			sourceTree = "<group>";
		};
		A5D2151F2C882887009E1766 = {
			isa = PBXGroup;
			children = (
				A5D2152A2C882887009E1766 /* PYNMApp */,
				A5D215292C882887009E1766 /* Products */,
			);
			sourceTree = "<group>";
		};
		A5D215292C882887009E1766 /* Products */ = {
			isa = PBXGroup;
			children = (
				A5D215282C882887009E1766 /* PYNMApp.app */,
			);
			name = Products;
			sourceTree = "<group>";
		};
		A5D2152A2C882887009E1766 /* PYNMApp */ = {
			isa = PBXGroup;
			children = (
				A58459462C93F99200340D9C /* ViewModels */,
				A58459432C92B98300340D9C /* Deprecated */,
				A5D215562C885846009E1766 /* Models */,
				A5D215552C88520D009E1766 /* Views */,
				A5D215522C8851AE009E1766 /* Managers */,
				A5D215512C885029009E1766 /* Info.plist */,
				A5D215432C884C9D009E1766 /* Extensions */,
				A5D215412C884BC9009E1766 /* Resources */,
				A5D2152B2C882887009E1766 /* PYNMAppApp.swift */,
				A5D2152F2C882889009E1766 /* Assets.xcassets */,
				A5D215312C882889009E1766 /* Preview Content */,
				A501E68C2C89500E00544E2E /* RoundedCorners.swift */,
			);
			path = PYNMApp;
			sourceTree = "<group>";
		};
		A5D215312C882889009E1766 /* Preview Content */ = {
			isa = PBXGroup;
			children = (
				A5D215322C882889009E1766 /* Preview Assets.xcassets */,
			);
			path = "Preview Content";
			sourceTree = "<group>";
		};
		A5D215412C884BC9009E1766 /* Resources */ = {
			isa = PBXGroup;
			children = (
				A5D2154C2C884FC1009E1766 /* Font */,
				A5D215422C884BD5009E1766 /* Assets */,
			);
			path = Resources;
			sourceTree = "<group>";
		};
		A5D215422C884BD5009E1766 /* Assets */ = {
			isa = PBXGroup;
			children = (
				A5D215392C884BC3009E1766 /* sign1.svg */,
				A5D2153B2C884BC3009E1766 /* sign2.svg */,
				A5D2153C2C884BC3009E1766 /* sign3.svg */,
				A5D2153A2C884BC3009E1766 /* sign4.svg */,
				A501E6922C8EC17D00544E2E /* PYNM_Header.jpg */,
			);
			path = Assets;
			sourceTree = "<group>";
		};
		A5D215432C884C9D009E1766 /* Extensions */ = {
			isa = PBXGroup;
			children = (
				A5D215442C884CC3009E1766 /* FontExtension.swift */,
				A5D215462C884F4C009E1766 /* ColorExtension.swift */,
			);
			path = Extensions;
			sourceTree = "<group>";
		};
		A5D2154C2C884FC1009E1766 /* Font */ = {
			isa = PBXGroup;
			children = (
				A5D215482C884FC1009E1766 /* Pretendard-Bold.otf */,
				A5D215492C884FC1009E1766 /* Pretendard-Medium.otf */,
				A5D2154A2C884FC1009E1766 /* Pretendard-Regular.otf */,
				A5D2154B2C884FC1009E1766 /* Pretendard-SemiBold.otf */,
			);
			path = Font;
			sourceTree = "<group>";
		};
		A5D215522C8851AE009E1766 /* Managers */ = {
			isa = PBXGroup;
			children = (
				A5D215532C8851C0009E1766 /* HapticManager.swift */,
				A501E68E2C89A78B00544E2E /* NavigationManager.swift */,
			);
			path = Managers;
			sourceTree = "<group>";
		};
		A5D215552C88520D009E1766 /* Views */ = {
			isa = PBXGroup;
			children = (
				A5D2152D2C882887009E1766 /* ContentView.swift */,
				A5D2155D2C885A51009E1766 /* CardDetailView.swift */,
				A501E6902C8AF32900544E2E /* ButtonStyle.swift */,
				A584593B2C9149F900340D9C /* MapView.swift */,
				A58459412C92B08500340D9C /* MainView.swift */,
				A58459442C92B9C000340D9C /* NMListView.swift */,
			);
			path = Views;
			sourceTree = "<group>";
		};
		A5D215562C885846009E1766 /* Models */ = {
			isa = PBXGroup;
			children = (
				A5D215572C8858C4009E1766 /* SignCard.swift */,
				A58459472C93F9D700340D9C /* NMPlaces.swift */,
			);
			path = Models;
			sourceTree = "<group>";
		};
/* End PBXGroup section */

/* Begin PBXNativeTarget section */
		A5D215272C882887009E1766 /* PYNMApp */ = {
			isa = PBXNativeTarget;
			buildConfigurationList = A5D215362C882889009E1766 /* Build configuration list for PBXNativeTarget "PYNMApp" */;
			buildPhases = (
				A5D215242C882887009E1766 /* Sources */,
				A5D215252C882887009E1766 /* Frameworks */,
				A5D215262C882887009E1766 /* Resources */,
			);
			buildRules = (
			);
			dependencies = (
			);
			name = PYNMApp;
			productName = PYNMApp;
			productReference = A5D215282C882887009E1766 /* PYNMApp.app */;
			productType = "com.apple.product-type.application";
		};
/* End PBXNativeTarget section */

/* Begin PBXProject section */
		A5D215202C882887009E1766 /* Project object */ = {
			isa = PBXProject;
			attributes = {
				BuildIndependentTargetsInParallel = 1;
				LastSwiftUpdateCheck = 1540;
				LastUpgradeCheck = 1540;
				TargetAttributes = {
					A5D215272C882887009E1766 = {
						CreatedOnToolsVersion = 15.4;
					};
				};
			};
			buildConfigurationList = A5D215232C882887009E1766 /* Build configuration list for PBXProject "PYNMApp" */;
			compatibilityVersion = "Xcode 14.0";
			developmentRegion = en;
			hasScannedForEncodings = 0;
			knownRegions = (
				en,
				Base,
			);
			mainGroup = A5D2151F2C882887009E1766;
			productRefGroup = A5D215292C882887009E1766 /* Products */;
			projectDirPath = "";
			projectRoot = "";
			targets = (
				A5D215272C882887009E1766 /* PYNMApp */,
			);
		};
/* End PBXProject section */

/* Begin PBXResourcesBuildPhase section */
		A5D215262C882887009E1766 /* Resources */ = {
			isa = PBXResourcesBuildPhase;
			buildActionMask = 2147483647;
			files = (
				A5D2153E2C884BC3009E1766 /* sign4.svg in Resources */,
				A501E6932C8EC17D00544E2E /* PYNM_Header.jpg in Resources */,
				A5D215402C884BC3009E1766 /* sign3.svg in Resources */,
				A5D2154D2C884FC1009E1766 /* Pretendard-Bold.otf in Resources */,
				A5D2154E2C884FC1009E1766 /* Pretendard-Medium.otf in Resources */,
				A5D2154F2C884FC1009E1766 /* Pretendard-Regular.otf in Resources */,
				A5D215332C882889009E1766 /* Preview Assets.xcassets in Resources */,
				A5D2153D2C884BC3009E1766 /* sign1.svg in Resources */,
				A5D215502C884FC1009E1766 /* Pretendard-SemiBold.otf in Resources */,
				A5D2153F2C884BC3009E1766 /* sign2.svg in Resources */,
				A5D215302C882889009E1766 /* Assets.xcassets in Resources */,
			);
			runOnlyForDeploymentPostprocessing = 0;
		};
/* End PBXResourcesBuildPhase section */

/* Begin PBXSourcesBuildPhase section */
		A5D215242C882887009E1766 /* Sources */ = {
			isa = PBXSourcesBuildPhase;
			buildActionMask = 2147483647;
			files = (
				A501E68F2C89A78B00544E2E /* NavigationManager.swift in Sources */,
				A501E68D2C89500E00544E2E /* RoundedCorners.swift in Sources */,
				A5D2155E2C885A51009E1766 /* CardDetailView.swift in Sources */,
				A584593E2C91626B00340D9C /* NMPlaceDeprecated.swift in Sources */,
				A5D215582C8858C4009E1766 /* SignCard.swift in Sources */,
				A5D2155C2C8859D5009E1766 /* NMListViewDeprecated.swift in Sources */,
				A5D215452C884CC3009E1766 /* FontExtension.swift in Sources */,
				A58459402C91737600340D9C /* MapViewModel.swift in Sources */,
				A5D215542C8851C0009E1766 /* HapticManager.swift in Sources */,
				A584593C2C9149F900340D9C /* MapView.swift in Sources */,
				A58459482C93F9D700340D9C /* NMPlaces.swift in Sources */,
				A584594A2C9416F700340D9C /* TransparentBackgroundViewDeprecated.swift in Sources */,
				A584593A2C9047EF00340D9C /* CardDetailViewModel.swift in Sources */,
				A58459422C92B08500340D9C /* MainView.swift in Sources */,
				A5D2152E2C882887009E1766 /* ContentView.swift in Sources */,
				A501E6912C8AF32900544E2E /* ButtonStyle.swift in Sources */,
				A5D2152C2C882887009E1766 /* PYNMAppApp.swift in Sources */,
				A5D215472C884F4C009E1766 /* ColorExtension.swift in Sources */,
				A5D2155A2C885997009E1766 /* CardListViewModel.swift in Sources */,
				A58459452C92B9C100340D9C /* NMListView.swift in Sources */,
			);
			runOnlyForDeploymentPostprocessing = 0;
		};
/* End PBXSourcesBuildPhase section */

/* Begin XCBuildConfiguration section */
		A5D215342C882889009E1766 /* Debug */ = {
			isa = XCBuildConfiguration;
			buildSettings = {
				ALWAYS_SEARCH_USER_PATHS = NO;
				ASSETCATALOG_COMPILER_GENERATE_SWIFT_ASSET_SYMBOL_EXTENSIONS = YES;
				CLANG_ANALYZER_NONNULL = YES;
				CLANG_ANALYZER_NUMBER_OBJECT_CONVERSION = YES_AGGRESSIVE;
				CLANG_CXX_LANGUAGE_STANDARD = "gnu++20";
				CLANG_ENABLE_MODULES = YES;
				CLANG_ENABLE_OBJC_ARC = YES;
				CLANG_ENABLE_OBJC_WEAK = YES;
				CLANG_WARN_BLOCK_CAPTURE_AUTORELEASING = YES;
				CLANG_WARN_BOOL_CONVERSION = YES;
				CLANG_WARN_COMMA = YES;
				CLANG_WARN_CONSTANT_CONVERSION = YES;
				CLANG_WARN_DEPRECATED_OBJC_IMPLEMENTATIONS = YES;
				CLANG_WARN_DIRECT_OBJC_ISA_USAGE = YES_ERROR;
				CLANG_WARN_DOCUMENTATION_COMMENTS = YES;
				CLANG_WARN_EMPTY_BODY = YES;
				CLANG_WARN_ENUM_CONVERSION = YES;
				CLANG_WARN_INFINITE_RECURSION = YES;
				CLANG_WARN_INT_CONVERSION = YES;
				CLANG_WARN_NON_LITERAL_NULL_CONVERSION = YES;
				CLANG_WARN_OBJC_IMPLICIT_RETAIN_SELF = YES;
				CLANG_WARN_OBJC_LITERAL_CONVERSION = YES;
				CLANG_WARN_OBJC_ROOT_CLASS = YES_ERROR;
				CLANG_WARN_QUOTED_INCLUDE_IN_FRAMEWORK_HEADER = YES;
				CLANG_WARN_RANGE_LOOP_ANALYSIS = YES;
				CLANG_WARN_STRICT_PROTOTYPES = YES;
				CLANG_WARN_SUSPICIOUS_MOVE = YES;
				CLANG_WARN_UNGUARDED_AVAILABILITY = YES_AGGRESSIVE;
				CLANG_WARN_UNREACHABLE_CODE = YES;
				CLANG_WARN__DUPLICATE_METHOD_MATCH = YES;
				COPY_PHASE_STRIP = NO;
				DEBUG_INFORMATION_FORMAT = dwarf;
				ENABLE_STRICT_OBJC_MSGSEND = YES;
				ENABLE_TESTABILITY = YES;
				ENABLE_USER_SCRIPT_SANDBOXING = YES;
				GCC_C_LANGUAGE_STANDARD = gnu17;
				GCC_DYNAMIC_NO_PIC = NO;
				GCC_NO_COMMON_BLOCKS = YES;
				GCC_OPTIMIZATION_LEVEL = 0;
				GCC_PREPROCESSOR_DEFINITIONS = (
					"DEBUG=1",
					"$(inherited)",
				);
				GCC_WARN_64_TO_32_BIT_CONVERSION = YES;
				GCC_WARN_ABOUT_RETURN_TYPE = YES_ERROR;
				GCC_WARN_UNDECLARED_SELECTOR = YES;
				GCC_WARN_UNINITIALIZED_AUTOS = YES_AGGRESSIVE;
				GCC_WARN_UNUSED_FUNCTION = YES;
				GCC_WARN_UNUSED_VARIABLE = YES;
				IPHONEOS_DEPLOYMENT_TARGET = 17.5;
				LOCALIZATION_PREFERS_STRING_CATALOGS = YES;
				MTL_ENABLE_DEBUG_INFO = INCLUDE_SOURCE;
				MTL_FAST_MATH = YES;
				ONLY_ACTIVE_ARCH = YES;
				SDKROOT = iphoneos;
				SWIFT_ACTIVE_COMPILATION_CONDITIONS = "DEBUG $(inherited)";
				SWIFT_OPTIMIZATION_LEVEL = "-Onone";
			};
			name = Debug;
		};
		A5D215352C882889009E1766 /* Release */ = {
			isa = XCBuildConfiguration;
			buildSettings = {
				ALWAYS_SEARCH_USER_PATHS = NO;
				ASSETCATALOG_COMPILER_GENERATE_SWIFT_ASSET_SYMBOL_EXTENSIONS = YES;
				CLANG_ANALYZER_NONNULL = YES;
				CLANG_ANALYZER_NUMBER_OBJECT_CONVERSION = YES_AGGRESSIVE;
				CLANG_CXX_LANGUAGE_STANDARD = "gnu++20";
				CLANG_ENABLE_MODULES = YES;
				CLANG_ENABLE_OBJC_ARC = YES;
				CLANG_ENABLE_OBJC_WEAK = YES;
				CLANG_WARN_BLOCK_CAPTURE_AUTORELEASING = YES;
				CLANG_WARN_BOOL_CONVERSION = YES;
				CLANG_WARN_COMMA = YES;
				CLANG_WARN_CONSTANT_CONVERSION = YES;
				CLANG_WARN_DEPRECATED_OBJC_IMPLEMENTATIONS = YES;
				CLANG_WARN_DIRECT_OBJC_ISA_USAGE = YES_ERROR;
				CLANG_WARN_DOCUMENTATION_COMMENTS = YES;
				CLANG_WARN_EMPTY_BODY = YES;
				CLANG_WARN_ENUM_CONVERSION = YES;
				CLANG_WARN_INFINITE_RECURSION = YES;
				CLANG_WARN_INT_CONVERSION = YES;
				CLANG_WARN_NON_LITERAL_NULL_CONVERSION = YES;
				CLANG_WARN_OBJC_IMPLICIT_RETAIN_SELF = YES;
				CLANG_WARN_OBJC_LITERAL_CONVERSION = YES;
				CLANG_WARN_OBJC_ROOT_CLASS = YES_ERROR;
				CLANG_WARN_QUOTED_INCLUDE_IN_FRAMEWORK_HEADER = YES;
				CLANG_WARN_RANGE_LOOP_ANALYSIS = YES;
				CLANG_WARN_STRICT_PROTOTYPES = YES;
				CLANG_WARN_SUSPICIOUS_MOVE = YES;
				CLANG_WARN_UNGUARDED_AVAILABILITY = YES_AGGRESSIVE;
				CLANG_WARN_UNREACHABLE_CODE = YES;
				CLANG_WARN__DUPLICATE_METHOD_MATCH = YES;
				COPY_PHASE_STRIP = NO;
				DEBUG_INFORMATION_FORMAT = "dwarf-with-dsym";
				ENABLE_NS_ASSERTIONS = NO;
				ENABLE_STRICT_OBJC_MSGSEND = YES;
				ENABLE_USER_SCRIPT_SANDBOXING = YES;
				GCC_C_LANGUAGE_STANDARD = gnu17;
				GCC_NO_COMMON_BLOCKS = YES;
				GCC_WARN_64_TO_32_BIT_CONVERSION = YES;
				GCC_WARN_ABOUT_RETURN_TYPE = YES_ERROR;
				GCC_WARN_UNDECLARED_SELECTOR = YES;
				GCC_WARN_UNINITIALIZED_AUTOS = YES_AGGRESSIVE;
				GCC_WARN_UNUSED_FUNCTION = YES;
				GCC_WARN_UNUSED_VARIABLE = YES;
				IPHONEOS_DEPLOYMENT_TARGET = 17.5;
				LOCALIZATION_PREFERS_STRING_CATALOGS = YES;
				MTL_ENABLE_DEBUG_INFO = NO;
				MTL_FAST_MATH = YES;
				SDKROOT = iphoneos;
				SWIFT_COMPILATION_MODE = wholemodule;
				VALIDATE_PRODUCT = YES;
			};
			name = Release;
		};
		A5D215372C882889009E1766 /* Debug */ = {
			isa = XCBuildConfiguration;
			buildSettings = {
				ASSETCATALOG_COMPILER_APPICON_NAME = AppIcon;
				ASSETCATALOG_COMPILER_GLOBAL_ACCENT_COLOR_NAME = AccentColor;
				CODE_SIGN_STYLE = Automatic;
				CURRENT_PROJECT_VERSION = 1;
				DEVELOPMENT_ASSET_PATHS = "\"PYNMApp/Preview Content\"";
				DEVELOPMENT_TEAM = HH4G2BS7C9;
				ENABLE_PREVIEWS = YES;
				GENERATE_INFOPLIST_FILE = YES;
				INFOPLIST_FILE = PYNMApp/Info.plist;
				INFOPLIST_KEY_UIApplicationSceneManifest_Generation = YES;
				INFOPLIST_KEY_UIApplicationSupportsIndirectInputEvents = YES;
				INFOPLIST_KEY_UILaunchScreen_Generation = YES;
				INFOPLIST_KEY_UISupportedInterfaceOrientations = UIInterfaceOrientationPortrait;
				INFOPLIST_KEY_UISupportedInterfaceOrientations_iPad = "UIInterfaceOrientationLandscapeLeft UIInterfaceOrientationLandscapeRight UIInterfaceOrientationPortrait UIInterfaceOrientationPortraitUpsideDown";
				IPHONEOS_DEPLOYMENT_TARGET = 17.0;
				LD_RUNPATH_SEARCH_PATHS = (
					"$(inherited)",
					"@executable_path/Frameworks",
				);
				MARKETING_VERSION = 1.0;
				PRODUCT_BUNDLE_IDENTIFIER = MGO1.PYNMApp;
				PRODUCT_NAME = "$(TARGET_NAME)";
				SUPPORTED_PLATFORMS = "iphoneos iphonesimulator";
				SUPPORTS_MACCATALYST = NO;
				SUPPORTS_MAC_DESIGNED_FOR_IPHONE_IPAD = NO;
				SUPPORTS_XR_DESIGNED_FOR_IPHONE_IPAD = NO;
				SWIFT_EMIT_LOC_STRINGS = YES;
				SWIFT_VERSION = 5.0;
				TARGETED_DEVICE_FAMILY = 1;
			};
			name = Debug;
		};
		A5D215382C882889009E1766 /* Release */ = {
			isa = XCBuildConfiguration;
			buildSettings = {
				ASSETCATALOG_COMPILER_APPICON_NAME = AppIcon;
				ASSETCATALOG_COMPILER_GLOBAL_ACCENT_COLOR_NAME = AccentColor;
				CODE_SIGN_STYLE = Automatic;
				CURRENT_PROJECT_VERSION = 1;
				DEVELOPMENT_ASSET_PATHS = "\"PYNMApp/Preview Content\"";
				DEVELOPMENT_TEAM = HH4G2BS7C9;
				ENABLE_PREVIEWS = YES;
				GENERATE_INFOPLIST_FILE = YES;
				INFOPLIST_FILE = PYNMApp/Info.plist;
				INFOPLIST_KEY_UIApplicationSceneManifest_Generation = YES;
				INFOPLIST_KEY_UIApplicationSupportsIndirectInputEvents = YES;
				INFOPLIST_KEY_UILaunchScreen_Generation = YES;
				INFOPLIST_KEY_UISupportedInterfaceOrientations = UIInterfaceOrientationPortrait;
				INFOPLIST_KEY_UISupportedInterfaceOrientations_iPad = "UIInterfaceOrientationLandscapeLeft UIInterfaceOrientationLandscapeRight UIInterfaceOrientationPortrait UIInterfaceOrientationPortraitUpsideDown";
				IPHONEOS_DEPLOYMENT_TARGET = 17.0;
				LD_RUNPATH_SEARCH_PATHS = (
					"$(inherited)",
					"@executable_path/Frameworks",
				);
				MARKETING_VERSION = 1.0;
				PRODUCT_BUNDLE_IDENTIFIER = MGO1.PYNMApp;
				PRODUCT_NAME = "$(TARGET_NAME)";
				SUPPORTED_PLATFORMS = "iphoneos iphonesimulator";
				SUPPORTS_MACCATALYST = NO;
				SUPPORTS_MAC_DESIGNED_FOR_IPHONE_IPAD = NO;
				SUPPORTS_XR_DESIGNED_FOR_IPHONE_IPAD = NO;
				SWIFT_EMIT_LOC_STRINGS = YES;
				SWIFT_VERSION = 5.0;
				TARGETED_DEVICE_FAMILY = 1;
			};
			name = Release;
		};
/* End XCBuildConfiguration section */

/* Begin XCConfigurationList section */
		A5D215232C882887009E1766 /* Build configuration list for PBXProject "PYNMApp" */ = {
			isa = XCConfigurationList;
			buildConfigurations = (
				A5D215342C882889009E1766 /* Debug */,
				A5D215352C882889009E1766 /* Release */,
			);
			defaultConfigurationIsVisible = 0;
			defaultConfigurationName = Release;
		};
		A5D215362C882889009E1766 /* Build configuration list for PBXNativeTarget "PYNMApp" */ = {
			isa = XCConfigurationList;
			buildConfigurations = (
				A5D215372C882889009E1766 /* Debug */,
				A5D215382C882889009E1766 /* Release */,
			);
			defaultConfigurationIsVisible = 0;
			defaultConfigurationName = Release;
		};
/* End XCConfigurationList section */
	};
	rootObject = A5D215202C882887009E1766 /* Project object */;
}
